{
  "name": "mp-stylesheets",
  "lockfileVersion": 2,
  "requires": true,
  "packages": {
    "": {
      "dependencies": {
        "@codesmiths/event": "^1.0.1"
      }
    },
    "node_modules/@codesmiths/event": {
      "version": "1.0.1",
      "resolved": "https://registry.npmjs.org/@codesmiths/event/-/event-1.0.1.tgz",
      "integrity": "sha512-F9dpbD9pmnqKPgFshmBq40qr46T3NpViIy/7cXM5o7z4cepqBo1mY/g0Pt/PtoZ0cf60ucreazLbgePqN2XEjg=="
    }
  },
  "dependencies": {
    "@codesmiths/event": {
      "version": "1.0.1",
      "resolved": "https://registry.npmjs.org/@codesmiths/event/-/event-1.0.1.tgz",
      "integrity": "sha512-F9dpbD9pmnqKPgFshmBq40qr46T3NpViIy/7cXM5o7z4cepqBo1mY/g0Pt/PtoZ0cf60ucreazLbgePqN2XEjg=="
    }
  }
}
